
Microsoft Visual Studio Solution File, Format Version 12.00
# Visual Studio Version 17
VisualStudioVersion = 17.14.36518.9 d17.14
MinimumVisualStudioVersion = 10.0.40219.1
Project("{FAE04EC0-301F-11D3-BF4B-00C04F79EFBC}") = "Ejercicio Formulario 2", "Ejercicio Formulario 2.csproj", "{B0C53CB5-686D-4FB2-8433-7A4C4C725070}"
EndProject
Global
	GlobalSection(SolutionConfigurationPlatforms) = preSolution
		Debug|Any CPU = Debug|Any CPU
		Release|Any CPU = Release|Any CPU
	EndGlobalSection
	GlobalSection(ProjectConfigurationPlatforms) = postSolution
		{B0C53CB5-686D-4FB2-8433-7A4C4C725070}.Debug|Any CPU.ActiveCfg = Debug|Any CPU
		{B0C53CB5-686D-4FB2-8433-7A4C4C725070}.Debug|Any CPU.Build.0 = Debug|Any CPU
		{B0C53CB5-686D-4FB2-8433-7A4C4C725070}.Release|Any CPU.ActiveCfg = Release|Any CPU
		{B0C53CB5-686D-4FB2-8433-7A4C4C725070}.Release|Any CPU.Build.0 = Release|Any CPU
	EndGlobalSection
	GlobalSection(SolutionProperties) = preSolution
		HideSolutionNode = FALSE
	EndGlobalSection
	GlobalSection(ExtensibilityGlobals) = postSolution
		SolutionGuid = {C6C48548-97A6-468B-AFB3-DB2EEC741C75}
	EndGlobalSection
EndGlobal
